
Microsoft Visual Studio Solution File, Format Version 12.00
# Visual Studio Version 17
VisualStudioVersion = 17.12.35323.107
MinimumVisualStudioVersion = 10.0.40219.1
Project("{FAE04EC0-301F-11D3-BF4B-00C04F79EFBC}") = "Pozitron.Primitives", "src\Pozitron.Primitives\Pozitron.Primitives.csproj", "{E6D0D31A-FD1C-4427-9A41-3A67F05136EF}"
EndProject
Project("{FAE04EC0-301F-11D3-BF4B-00C04F79EFBC}") = "Pozitron.Primitives.Tests", "tests\Pozitron.Primitives.Tests\Pozitron.Primitives.Tests.csproj", "{5FD8AC86-8444-461D-9470-2B166049ED14}"
EndProject
Project("{2150E333-8FDC-42A3-9474-1A3956D46DE8}") = "Solution Items", "Solution Items", "{2A57D90C-0E07-4ED7-8DB6-4FD3471125F3}"
	ProjectSection(SolutionItems) = preProject
		.editorconfig = .editorconfig
		.gitignore = .gitignore
		clean.sh = clean.sh
		src\Directory.Build.props = src\Directory.Build.props
		tests\Directory.Build.props = tests\Directory.Build.props
		Directory.Packages.props = Directory.Packages.props
		exclusion.dic = exclusion.dic
		LICENSE.txt = LICENSE.txt
		readme-nuget.md = readme-nuget.md
		README.md = README.md
		run-tests.sh = run-tests.sh
	EndProjectSection
EndProject
Global
	GlobalSection(SolutionConfigurationPlatforms) = preSolution
		Debug|Any CPU = Debug|Any CPU
		Release|Any CPU = Release|Any CPU
	EndGlobalSection
	GlobalSection(ProjectConfigurationPlatforms) = postSolution
		{E6D0D31A-FD1C-4427-9A41-3A67F05136EF}.Debug|Any CPU.ActiveCfg = Debug|Any CPU
		{E6D0D31A-FD1C-4427-9A41-3A67F05136EF}.Debug|Any CPU.Build.0 = Debug|Any CPU
		{E6D0D31A-FD1C-4427-9A41-3A67F05136EF}.Release|Any CPU.ActiveCfg = Release|Any CPU
		{E6D0D31A-FD1C-4427-9A41-3A67F05136EF}.Release|Any CPU.Build.0 = Release|Any CPU
		{5FD8AC86-8444-461D-9470-2B166049ED14}.Debug|Any CPU.ActiveCfg = Debug|Any CPU
		{5FD8AC86-8444-461D-9470-2B166049ED14}.Debug|Any CPU.Build.0 = Debug|Any CPU
		{5FD8AC86-8444-461D-9470-2B166049ED14}.Release|Any CPU.ActiveCfg = Release|Any CPU
		{5FD8AC86-8444-461D-9470-2B166049ED14}.Release|Any CPU.Build.0 = Release|Any CPU
	EndGlobalSection
	GlobalSection(SolutionProperties) = preSolution
		HideSolutionNode = FALSE
	EndGlobalSection
	GlobalSection(ExtensibilityGlobals) = postSolution
		SolutionGuid = {33657958-5EBA-4D66-8BDF-8BB5F69AD11A}
	EndGlobalSection
EndGlobal
